
Microsoft Visual Studio Solution File, Format Version 12.00
# Visual Studio Version 16
VisualStudioVersion = 16.0.31105.61
MinimumVisualStudioVersion = 10.0.40219.1
Project("{FAE04EC0-301F-11D3-BF4B-00C04F79EFBC}") = "AngularTest", "AngularTest\AngularTest.csproj", "{5BE6C01F-1571-42F7-981E-5E41003ACE9B}"
EndProject
Global
	GlobalSection(SolutionConfigurationPlatforms) = preSolution
		Debug|Any CPU = Debug|Any CPU
		Release|Any CPU = Release|Any CPU
	EndGlobalSection
	GlobalSection(ProjectConfigurationPlatforms) = postSolution
		{5BE6C01F-1571-42F7-981E-5E41003ACE9B}.Debug|Any CPU.ActiveCfg = Debug|Any CPU
		{5BE6C01F-1571-42F7-981E-5E41003ACE9B}.Debug|Any CPU.Build.0 = Debug|Any CPU
		{5BE6C01F-1571-42F7-981E-5E41003ACE9B}.Release|Any CPU.ActiveCfg = Release|Any CPU
		{5BE6C01F-1571-42F7-981E-5E41003ACE9B}.Release|Any CPU.Build.0 = Release|Any CPU
	EndGlobalSection
	GlobalSection(SolutionProperties) = preSolution
		HideSolutionNode = FALSE
	EndGlobalSection
	GlobalSection(ExtensibilityGlobals) = postSolution
		SolutionGuid = {0D6CDEB5-5DFE-49C2-85F8-F8AB580DF8C3}
	EndGlobalSection
EndGlobal
